
Microsoft Visual Studio Solution File, Format Version 12.00
# Visual Studio Version 16
VisualStudioVersion = 16.0.29123.88
MinimumVisualStudioVersion = 10.0.40219.1
Project("{FAE04EC0-301F-11D3-BF4B-00C04F79EFBC}") = "Presentation", "Presentation\Presentation.csproj", "{B9E1207C-04DE-43B6-AF24-116BE1B09528}"
EndProject
Project("{FAE04EC0-301F-11D3-BF4B-00C04F79EFBC}") = "Business", "Business\Business.csproj", "{377ECC4D-1A8B-4904-BA06-B8D36BB5EB73}"
EndProject
Project("{FAE04EC0-301F-11D3-BF4B-00C04F79EFBC}") = "Entity", "Entity\Entity.csproj", "{894DF0EE-F484-4002-B540-5F201DEDC527}"
EndProject
Project("{FAE04EC0-301F-11D3-BF4B-00C04F79EFBC}") = "Data", "Data\Data.csproj", "{A45FF129-EC76-4D44-BE12-E25AF893DD3A}"
EndProject
Project("{54435603-DBB4-11D2-8724-00A0C9A8B90C}") = "HRM_Setup", "HRM_Setup\HRM_Setup.vdproj", "{A7D41C44-0A07-4B24-8A55-9EC7F3CEC963}"
EndProject
Global
	GlobalSection(SolutionConfigurationPlatforms) = preSolution
		Debug|Any CPU = Debug|Any CPU
		Release|Any CPU = Release|Any CPU
	EndGlobalSection
	GlobalSection(ProjectConfigurationPlatforms) = postSolution
		{B9E1207C-04DE-43B6-AF24-116BE1B09528}.Debug|Any CPU.ActiveCfg = Debug|Any CPU
		{B9E1207C-04DE-43B6-AF24-116BE1B09528}.Debug|Any CPU.Build.0 = Debug|Any CPU
		{B9E1207C-04DE-43B6-AF24-116BE1B09528}.Release|Any CPU.ActiveCfg = Release|Any CPU
		{B9E1207C-04DE-43B6-AF24-116BE1B09528}.Release|Any CPU.Build.0 = Release|Any CPU
		{377ECC4D-1A8B-4904-BA06-B8D36BB5EB73}.Debug|Any CPU.ActiveCfg = Debug|Any CPU
		{377ECC4D-1A8B-4904-BA06-B8D36BB5EB73}.Debug|Any CPU.Build.0 = Debug|Any CPU
		{377ECC4D-1A8B-4904-BA06-B8D36BB5EB73}.Release|Any CPU.ActiveCfg = Release|Any CPU
		{377ECC4D-1A8B-4904-BA06-B8D36BB5EB73}.Release|Any CPU.Build.0 = Release|Any CPU
		{894DF0EE-F484-4002-B540-5F201DEDC527}.Debug|Any CPU.ActiveCfg = Debug|Any CPU
		{894DF0EE-F484-4002-B540-5F201DEDC527}.Debug|Any CPU.Build.0 = Debug|Any CPU
		{894DF0EE-F484-4002-B540-5F201DEDC527}.Release|Any CPU.ActiveCfg = Release|Any CPU
		{894DF0EE-F484-4002-B540-5F201DEDC527}.Release|Any CPU.Build.0 = Release|Any CPU
		{A45FF129-EC76-4D44-BE12-E25AF893DD3A}.Debug|Any CPU.ActiveCfg = Debug|Any CPU
		{A45FF129-EC76-4D44-BE12-E25AF893DD3A}.Debug|Any CPU.Build.0 = Debug|Any CPU
		{A45FF129-EC76-4D44-BE12-E25AF893DD3A}.Release|Any CPU.ActiveCfg = Release|Any CPU
		{A45FF129-EC76-4D44-BE12-E25AF893DD3A}.Release|Any CPU.Build.0 = Release|Any CPU
		{A7D41C44-0A07-4B24-8A55-9EC7F3CEC963}.Debug|Any CPU.ActiveCfg = Debug
		{A7D41C44-0A07-4B24-8A55-9EC7F3CEC963}.Release|Any CPU.ActiveCfg = Release
	EndGlobalSection
	GlobalSection(SolutionProperties) = preSolution
		HideSolutionNode = FALSE
	EndGlobalSection
	GlobalSection(ExtensibilityGlobals) = postSolution
		SolutionGuid = {0031D1EC-35CE-4E7B-88DC-9564DBC03E65}
	EndGlobalSection
EndGlobal
